// !$*UTF8*$!
{
	archiveVersion = 1;
	classes = {
	};
	objectVersion = 77;
	objects = {

/* Begin PBXBuildFile section */
		F9B3C2512E3A872900A1F381 /* FirebaseAuth in Frameworks */ = {isa = PBXBuildFile; productRef = F9B3C2502E3A872900A1F381 /* FirebaseAuth */; };
		F9B3C2532E3A872900A1F381 /* FirebaseDatabase in Frameworks */ = {isa = PBXBuildFile; productRef = F9B3C2522E3A872900A1F381 /* FirebaseDatabase */; };
		F9B3C2552E3A872900A1F381 /* FirebaseFirestore in Frameworks */ = {isa = PBXBuildFile; productRef = F9B3C2542E3A872900A1F381 /* FirebaseFirestore */; };
		F9B3C2572E3A872900A1F381 /* FirebaseFirestoreCombine-Community in Frameworks */ = {isa = PBXBuildFile; productRef = F9B3C2562E3A872900A1F381 /* FirebaseFirestoreCombine-Community */; };
		F9B3C25A2E3A87FA00A1F381 /* GoogleSignIn in Frameworks */ = {isa = PBXBuildFile; productRef = F9B3C2592E3A87FA00A1F381 /* GoogleSignIn */; };
		F9B3C25C2E3A87FA00A1F381 /* GoogleSignInSwift in Frameworks */ = {isa = PBXBuildFile; productRef = F9B3C25B2E3A87FA00A1F381 /* GoogleSignInSwift */; };
		F9F163722E3ACF6500ABBE80 /* FavoritesApp.swift in Sources */ = {isa = PBXBuildFile; fileRef = F9F163712E3ACF6500ABBE80 /* FavoritesApp.swift */; };
		F9F163732E3ACF6500ABBE80 /* AppDelegate.swift in Sources */ = {isa = PBXBuildFile; fileRef = F9F1636F2E3ACF6500ABBE80 /* AppDelegate.swift */; };
		F9F163742E3ACF6500ABBE80 /* ContentView.swift in Sources */ = {isa = PBXBuildFile; fileRef = F9F163702E3ACF6500ABBE80 /* ContentView.swift */; };
		F9F163862E3ACF7000ABBE80 /* Assets.xcassets in Resources */ = {isa = PBXBuildFile; fileRef = F9F163752E3ACF7000ABBE80 /* Assets.xcassets */; };
		F9F163872E3ACF7000ABBE80 /* BooksView.swift in Sources */ = {isa = PBXBuildFile; fileRef = F9F1637D2E3ACF7000ABBE80 /* BooksView.swift */; };
		F9F163882E3ACF7000ABBE80 /* SettingsView.swift in Sources */ = {isa = PBXBuildFile; fileRef = F9F163842E3ACF7000ABBE80 /* SettingsView.swift */; };
		F9F163892E3ACF7000ABBE80 /* Samples.swift in Sources */ = {isa = PBXBuildFile; fileRef = F9F163772E3ACF7000ABBE80 /* Samples.swift */; };
		F9F1638A2E3ACF7000ABBE80 /* FavoritesViewModel.swift in Sources */ = {isa = PBXBuildFile; fileRef = F9F1637A2E3ACF7000ABBE80 /* FavoritesViewModel.swift */; };
		F9F1638B2E3ACF7000ABBE80 /* CategoryManager.swift in Sources */ = {isa = PBXBuildFile; fileRef = F9F163792E3ACF7000ABBE80 /* CategoryManager.swift */; };
		F9F1638C2E3ACF7000ABBE80 /* FavoritesView.swift in Sources */ = {isa = PBXBuildFile; fileRef = F9F163802E3ACF7000ABBE80 /* FavoritesView.swift */; };
		F9F1638D2E3ACF7000ABBE80 /* HobbyRowView.swift in Sources */ = {isa = PBXBuildFile; fileRef = F9F163822E3ACF7000ABBE80 /* HobbyRowView.swift */; };
		F9F1638E2E3ACF7000ABBE80 /* CityCardView.swift in Sources */ = {isa = PBXBuildFile; fileRef = F9F1637F2E3ACF7000ABBE80 /* CityCardView.swift */; };
		F9F1638F2E3ACF7000ABBE80 /* HobbiesView.swift in Sources */ = {isa = PBXBuildFile; fileRef = F9F163812E3ACF7000ABBE80 /* HobbiesView.swift */; };
		F9F163902E3ACF7000ABBE80 /* FavoriteModel.swift in Sources */ = {isa = PBXBuildFile; fileRef = F9F163762E3ACF7000ABBE80 /* FavoriteModel.swift */; };
		F9F163912E3ACF7000ABBE80 /* HomeView.swift in Sources */ = {isa = PBXBuildFile; fileRef = F9F163832E3ACF7000ABBE80 /* HomeView.swift */; };
		F9F163922E3ACF7000ABBE80 /* BookRowView.swift in Sources */ = {isa = PBXBuildFile; fileRef = F9F1637C2E3ACF7000ABBE80 /* BookRowView.swift */; };
		F9F163932E3ACF7000ABBE80 /* CitiesView.swift in Sources */ = {isa = PBXBuildFile; fileRef = F9F1637E2E3ACF7000ABBE80 /* CitiesView.swift */; };
/* End PBXBuildFile section */

/* Begin PBXFileReference section */
		F98E395B2E36BE9B00B71787 /* FavoritesCloud.app */ = {isa = PBXFileReference; explicitFileType = wrapper.application; includeInIndex = 0; path = FavoritesCloud.app; sourceTree = BUILT_PRODUCTS_DIR; };
		F9F1636F2E3ACF6500ABBE80 /* AppDelegate.swift */ = {isa = PBXFileReference; lastKnownFileType = sourcecode.swift; path = AppDelegate.swift; sourceTree = "<group>"; };
		F9F163702E3ACF6500ABBE80 /* ContentView.swift */ = {isa = PBXFileReference; lastKnownFileType = sourcecode.swift; path = ContentView.swift; sourceTree = "<group>"; };
		F9F163712E3ACF6500ABBE80 /* FavoritesApp.swift */ = {isa = PBXFileReference; lastKnownFileType = sourcecode.swift; path = FavoritesApp.swift; sourceTree = "<group>"; };
		F9F163752E3ACF7000ABBE80 /* Assets.xcassets */ = {isa = PBXFileReference; lastKnownFileType = folder.assetcatalog; path = Assets.xcassets; sourceTree = "<group>"; };
		F9F163762E3ACF7000ABBE80 /* FavoriteModel.swift */ = {isa = PBXFileReference; lastKnownFileType = sourcecode.swift; path = FavoriteModel.swift; sourceTree = "<group>"; };
		F9F163772E3ACF7000ABBE80 /* Samples.swift */ = {isa = PBXFileReference; lastKnownFileType = sourcecode.swift; path = Samples.swift; sourceTree = "<group>"; };
		F9F163792E3ACF7000ABBE80 /* CategoryManager.swift */ = {isa = PBXFileReference; lastKnownFileType = sourcecode.swift; path = CategoryManager.swift; sourceTree = "<group>"; };
		F9F1637A2E3ACF7000ABBE80 /* FavoritesViewModel.swift */ = {isa = PBXFileReference; lastKnownFileType = sourcecode.swift; path = FavoritesViewModel.swift; sourceTree = "<group>"; };
		F9F1637C2E3ACF7000ABBE80 /* BookRowView.swift */ = {isa = PBXFileReference; lastKnownFileType = sourcecode.swift; path = BookRowView.swift; sourceTree = "<group>"; };
		F9F1637D2E3ACF7000ABBE80 /* BooksView.swift */ = {isa = PBXFileReference; lastKnownFileType = sourcecode.swift; path = BooksView.swift; sourceTree = "<group>"; };
		F9F1637E2E3ACF7000ABBE80 /* CitiesView.swift */ = {isa = PBXFileReference; lastKnownFileType = sourcecode.swift; path = CitiesView.swift; sourceTree = "<group>"; };
		F9F1637F2E3ACF7000ABBE80 /* CityCardView.swift */ = {isa = PBXFileReference; lastKnownFileType = sourcecode.swift; path = CityCardView.swift; sourceTree = "<group>"; };
		F9F163802E3ACF7000ABBE80 /* FavoritesView.swift */ = {isa = PBXFileReference; lastKnownFileType = sourcecode.swift; path = FavoritesView.swift; sourceTree = "<group>"; };
		F9F163812E3ACF7000ABBE80 /* HobbiesView.swift */ = {isa = PBXFileReference; lastKnownFileType = sourcecode.swift; path = HobbiesView.swift; sourceTree = "<group>"; };
		F9F163822E3ACF7000ABBE80 /* HobbyRowView.swift */ = {isa = PBXFileReference; lastKnownFileType = sourcecode.swift; path = HobbyRowView.swift; sourceTree = "<group>"; };
		F9F163832E3ACF7000ABBE80 /* HomeView.swift */ = {isa = PBXFileReference; lastKnownFileType = sourcecode.swift; path = HomeView.swift; sourceTree = "<group>"; };
		F9F163842E3ACF7000ABBE80 /* SettingsView.swift */ = {isa = PBXFileReference; lastKnownFileType = sourcecode.swift; path = SettingsView.swift; sourceTree = "<group>"; };
/* End PBXFileReference section */

/* Begin PBXFrameworksBuildPhase section */
		AC4C036F2E10A83D00E4BD08 /* Frameworks */ = {
			isa = PBXFrameworksBuildPhase;
			buildActionMask = 2147483647;
			files = (
				F9B3C25A2E3A87FA00A1F381 /* GoogleSignIn in Frameworks */,
				F9B3C2532E3A872900A1F381 /* FirebaseDatabase in Frameworks */,
				F9B3C2572E3A872900A1F381 /* FirebaseFirestoreCombine-Community in Frameworks */,
				F9B3C25C2E3A87FA00A1F381 /* GoogleSignInSwift in Frameworks */,
				F9B3C2512E3A872900A1F381 /* FirebaseAuth in Frameworks */,
				F9B3C2552E3A872900A1F381 /* FirebaseFirestore in Frameworks */,
			);
			runOnlyForDeploymentPostprocessing = 0;
		};
/* End PBXFrameworksBuildPhase section */

/* Begin PBXGroup section */
		AC4C03692E10A83D00E4BD08 = {
			isa = PBXGroup;
			children = (
				F98E395B2E36BE9B00B71787 /* FavoritesCloud.app */,
				F9F163782E3ACF7000ABBE80 /* Model */,
				F9F1637B2E3ACF7000ABBE80 /* ViewModels */,
				F9F163852E3ACF7000ABBE80 /* Views */,
				F9F1636F2E3ACF6500ABBE80 /* AppDelegate.swift */,
				F9F163712E3ACF6500ABBE80 /* FavoritesApp.swift */,
				F9F163752E3ACF7000ABBE80 /* Assets.xcassets */,
			);
			sourceTree = "<group>";
		};
		F9F163782E3ACF7000ABBE80 /* Model */ = {
			isa = PBXGroup;
			children = (
				F9F163762E3ACF7000ABBE80 /* FavoriteModel.swift */,
				F9F163772E3ACF7000ABBE80 /* Samples.swift */,
			);
			path = Model;
			sourceTree = "<group>";
		};
		F9F1637B2E3ACF7000ABBE80 /* ViewModels */ = {
			isa = PBXGroup;
			children = (
				F9F163792E3ACF7000ABBE80 /* CategoryManager.swift */,
				F9F1637A2E3ACF7000ABBE80 /* FavoritesViewModel.swift */,
			);
			path = ViewModels;
			sourceTree = "<group>";
		};
		F9F163852E3ACF7000ABBE80 /* Views */ = {
			isa = PBXGroup;
			children = (
				F9F163702E3ACF6500ABBE80 /* ContentView.swift */,
				F9F1637C2E3ACF7000ABBE80 /* BookRowView.swift */,
				F9F1637D2E3ACF7000ABBE80 /* BooksView.swift */,
				F9F1637E2E3ACF7000ABBE80 /* CitiesView.swift */,
				F9F1637F2E3ACF7000ABBE80 /* CityCardView.swift */,
				F9F163802E3ACF7000ABBE80 /* FavoritesView.swift */,
				F9F163812E3ACF7000ABBE80 /* HobbiesView.swift */,
				F9F163822E3ACF7000ABBE80 /* HobbyRowView.swift */,
				F9F163832E3ACF7000ABBE80 /* HomeView.swift */,
				F9F163842E3ACF7000ABBE80 /* SettingsView.swift */,
			);
			path = Views;
			sourceTree = "<group>";
		};
/* End PBXGroup section */

/* Begin PBXNativeTarget section */
		AC4C03712E10A83D00E4BD08 /* FavoritesCloud */ = {
			isa = PBXNativeTarget;
			buildConfigurationList = AC4C037D2E10A83E00E4BD08 /* Build configuration list for PBXNativeTarget "FavoritesCloud" */;
			buildPhases = (
				AC4C036E2E10A83D00E4BD08 /* Sources */,
				AC4C036F2E10A83D00E4BD08 /* Frameworks */,
				AC4C03702E10A83D00E4BD08 /* Resources */,
			);
			buildRules = (
			);
			dependencies = (
			);
			name = FavoritesCloud;
			packageProductDependencies = (
				F9B3C2502E3A872900A1F381 /* FirebaseAuth */,
				F9B3C2522E3A872900A1F381 /* FirebaseDatabase */,
				F9B3C2542E3A872900A1F381 /* FirebaseFirestore */,
				F9B3C2562E3A872900A1F381 /* FirebaseFirestoreCombine-Community */,
				F9B3C2592E3A87FA00A1F381 /* GoogleSignIn */,
				F9B3C25B2E3A87FA00A1F381 /* GoogleSignInSwift */,
			);
			productName = Favorites;
			productReference = F98E395B2E36BE9B00B71787 /* FavoritesCloud.app */;
			productType = "com.apple.product-type.application";
		};
/* End PBXNativeTarget section */

/* Begin PBXProject section */
		AC4C036A2E10A83D00E4BD08 /* Project object */ = {
			isa = PBXProject;
			attributes = {
				BuildIndependentTargetsInParallel = 1;
				LastSwiftUpdateCheck = 1640;
				LastUpgradeCheck = 1640;
				TargetAttributes = {
					AC4C03712E10A83D00E4BD08 = {
						CreatedOnToolsVersion = 16.4;
						LastSwiftMigration = 1630;
					};
				};
			};
			buildConfigurationList = AC4C036D2E10A83D00E4BD08 /* Build configuration list for PBXProject "FavoritesCloud" */;
			developmentRegion = en;
			hasScannedForEncodings = 0;
			knownRegions = (
				en,
				Base,
			);
			mainGroup = AC4C03692E10A83D00E4BD08;
			minimizedProjectReferenceProxies = 1;
			packageReferences = (
				F9B3C24F2E3A872900A1F381 /* XCRemoteSwiftPackageReference "firebase-ios-sdk" */,
				F9B3C2582E3A87FA00A1F381 /* XCRemoteSwiftPackageReference "GoogleSignIn-iOS" */,
			);
			preferredProjectObjectVersion = 77;
			productRefGroup = AC4C03692E10A83D00E4BD08;
			projectDirPath = "";
			projectRoot = "";
			targets = (
				AC4C03712E10A83D00E4BD08 /* FavoritesCloud */,
			);
		};
/* End PBXProject section */

/* Begin PBXResourcesBuildPhase section */
		AC4C03702E10A83D00E4BD08 /* Resources */ = {
			isa = PBXResourcesBuildPhase;
			buildActionMask = 2147483647;
			files = (
				F9F163862E3ACF7000ABBE80 /* Assets.xcassets in Resources */,
			);
			runOnlyForDeploymentPostprocessing = 0;
		};
/* End PBXResourcesBuildPhase section */

/* Begin PBXSourcesBuildPhase section */
		AC4C036E2E10A83D00E4BD08 /* Sources */ = {
			isa = PBXSourcesBuildPhase;
			buildActionMask = 2147483647;
			files = (
				F9F163722E3ACF6500ABBE80 /* FavoritesApp.swift in Sources */,
				F9F163732E3ACF6500ABBE80 /* AppDelegate.swift in Sources */,
				F9F163742E3ACF6500ABBE80 /* ContentView.swift in Sources */,
				F9F163872E3ACF7000ABBE80 /* BooksView.swift in Sources */,
				F9F163882E3ACF7000ABBE80 /* SettingsView.swift in Sources */,
				F9F163892E3ACF7000ABBE80 /* Samples.swift in Sources */,
				F9F1638A2E3ACF7000ABBE80 /* FavoritesViewModel.swift in Sources */,
				F9F1638B2E3ACF7000ABBE80 /* CategoryManager.swift in Sources */,
				F9F1638C2E3ACF7000ABBE80 /* FavoritesView.swift in Sources */,
				F9F1638D2E3ACF7000ABBE80 /* HobbyRowView.swift in Sources */,
				F9F1638E2E3ACF7000ABBE80 /* CityCardView.swift in Sources */,
				F9F1638F2E3ACF7000ABBE80 /* HobbiesView.swift in Sources */,
				F9F163902E3ACF7000ABBE80 /* FavoriteModel.swift in Sources */,
				F9F163912E3ACF7000ABBE80 /* HomeView.swift in Sources */,
				F9F163922E3ACF7000ABBE80 /* BookRowView.swift in Sources */,
				F9F163932E3ACF7000ABBE80 /* CitiesView.swift in Sources */,
			);
			runOnlyForDeploymentPostprocessing = 0;
		};
/* End PBXSourcesBuildPhase section */

/* Begin XCBuildConfiguration section */
		AC4C037B2E10A83E00E4BD08 /* Debug */ = {
			isa = XCBuildConfiguration;
			buildSettings = {
				ALWAYS_SEARCH_USER_PATHS = NO;
				ASSETCATALOG_COMPILER_GENERATE_SWIFT_ASSET_SYMBOL_EXTENSIONS = YES;
				CLANG_ANALYZER_NONNULL = YES;
				CLANG_ANALYZER_NUMBER_OBJECT_CONVERSION = YES_AGGRESSIVE;
				CLANG_CXX_LANGUAGE_STANDARD = "gnu++20";
				CLANG_ENABLE_MODULES = YES;
				CLANG_ENABLE_OBJC_ARC = YES;
				CLANG_ENABLE_OBJC_WEAK = YES;
				CLANG_WARN_BLOCK_CAPTURE_AUTORELEASING = YES;
				CLANG_WARN_BOOL_CONVERSION = YES;
				CLANG_WARN_COMMA = YES;
				CLANG_WARN_CONSTANT_CONVERSION = YES;
				CLANG_WARN_DEPRECATED_OBJC_IMPLEMENTATIONS = YES;
				CLANG_WARN_DIRECT_OBJC_ISA_USAGE = YES_ERROR;
				CLANG_WARN_DOCUMENTATION_COMMENTS = YES;
				CLANG_WARN_EMPTY_BODY = YES;
				CLANG_WARN_ENUM_CONVERSION = YES;
				CLANG_WARN_INFINITE_RECURSION = YES;
				CLANG_WARN_INT_CONVERSION = YES;
				CLANG_WARN_NON_LITERAL_NULL_CONVERSION = YES;
				CLANG_WARN_OBJC_IMPLICIT_RETAIN_SELF = YES;
				CLANG_WARN_OBJC_LITERAL_CONVERSION = YES;
				CLANG_WARN_OBJC_ROOT_CLASS = YES_ERROR;
				CLANG_WARN_QUOTED_INCLUDE_IN_FRAMEWORK_HEADER = YES;
				CLANG_WARN_RANGE_LOOP_ANALYSIS = YES;
				CLANG_WARN_STRICT_PROTOTYPES = YES;
				CLANG_WARN_SUSPICIOUS_MOVE = YES;
				CLANG_WARN_UNGUARDED_AVAILABILITY = YES_AGGRESSIVE;
				CLANG_WARN_UNREACHABLE_CODE = YES;
				CLANG_WARN__DUPLICATE_METHOD_MATCH = YES;
				COPY_PHASE_STRIP = NO;
				DEBUG_INFORMATION_FORMAT = dwarf;
				DEVELOPMENT_TEAM = JA95FP3USP;
				ENABLE_STRICT_OBJC_MSGSEND = YES;
				ENABLE_TESTABILITY = YES;
				ENABLE_USER_SCRIPT_SANDBOXING = YES;
				GCC_C_LANGUAGE_STANDARD = gnu17;
				GCC_DYNAMIC_NO_PIC = NO;
				GCC_NO_COMMON_BLOCKS = YES;
				GCC_OPTIMIZATION_LEVEL = 0;
				GCC_PREPROCESSOR_DEFINITIONS = (
					"DEBUG=1",
					"$(inherited)",
				);
				GCC_WARN_64_TO_32_BIT_CONVERSION = YES;
				GCC_WARN_ABOUT_RETURN_TYPE = YES_ERROR;
				GCC_WARN_UNDECLARED_SELECTOR = YES;
				GCC_WARN_UNINITIALIZED_AUTOS = YES_AGGRESSIVE;
				GCC_WARN_UNUSED_FUNCTION = YES;
				GCC_WARN_UNUSED_VARIABLE = YES;
				IPHONEOS_DEPLOYMENT_TARGET = 18.5;
				LOCALIZATION_PREFERS_STRING_CATALOGS = YES;
				MTL_ENABLE_DEBUG_INFO = INCLUDE_SOURCE;
				MTL_FAST_MATH = YES;
				ONLY_ACTIVE_ARCH = YES;
				OTHER_LDFLAGS = "-ObjC";
				SDKROOT = iphoneos;
				SWIFT_ACTIVE_COMPILATION_CONDITIONS = "DEBUG $(inherited)";
				SWIFT_OPTIMIZATION_LEVEL = "-Onone";
			};
			name = Debug;
		};
		AC4C037C2E10A83E00E4BD08 /* Release */ = {
			isa = XCBuildConfiguration;
			buildSettings = {
				ALWAYS_SEARCH_USER_PATHS = NO;
				ASSETCATALOG_COMPILER_GENERATE_SWIFT_ASSET_SYMBOL_EXTENSIONS = YES;
				CLANG_ANALYZER_NONNULL = YES;
				CLANG_ANALYZER_NUMBER_OBJECT_CONVERSION = YES_AGGRESSIVE;
				CLANG_CXX_LANGUAGE_STANDARD = "gnu++20";
				CLANG_ENABLE_MODULES = YES;
				CLANG_ENABLE_OBJC_ARC = YES;
				CLANG_ENABLE_OBJC_WEAK = YES;
				CLANG_WARN_BLOCK_CAPTURE_AUTORELEASING = YES;
				CLANG_WARN_BOOL_CONVERSION = YES;
				CLANG_WARN_COMMA = YES;
				CLANG_WARN_CONSTANT_CONVERSION = YES;
				CLANG_WARN_DEPRECATED_OBJC_IMPLEMENTATIONS = YES;
				CLANG_WARN_DIRECT_OBJC_ISA_USAGE = YES_ERROR;
				CLANG_WARN_DOCUMENTATION_COMMENTS = YES;
				CLANG_WARN_EMPTY_BODY = YES;
				CLANG_WARN_ENUM_CONVERSION = YES;
				CLANG_WARN_INFINITE_RECURSION = YES;
				CLANG_WARN_INT_CONVERSION = YES;
				CLANG_WARN_NON_LITERAL_NULL_CONVERSION = YES;
				CLANG_WARN_OBJC_IMPLICIT_RETAIN_SELF = YES;
				CLANG_WARN_OBJC_LITERAL_CONVERSION = YES;
				CLANG_WARN_OBJC_ROOT_CLASS = YES_ERROR;
				CLANG_WARN_QUOTED_INCLUDE_IN_FRAMEWORK_HEADER = YES;
				CLANG_WARN_RANGE_LOOP_ANALYSIS = YES;
				CLANG_WARN_STRICT_PROTOTYPES = YES;
				CLANG_WARN_SUSPICIOUS_MOVE = YES;
				CLANG_WARN_UNGUARDED_AVAILABILITY = YES_AGGRESSIVE;
				CLANG_WARN_UNREACHABLE_CODE = YES;
				CLANG_WARN__DUPLICATE_METHOD_MATCH = YES;
				COPY_PHASE_STRIP = NO;
				DEBUG_INFORMATION_FORMAT = "dwarf-with-dsym";
				DEVELOPMENT_TEAM = JA95FP3USP;
				ENABLE_NS_ASSERTIONS = NO;
				ENABLE_STRICT_OBJC_MSGSEND = YES;
				ENABLE_USER_SCRIPT_SANDBOXING = YES;
				GCC_C_LANGUAGE_STANDARD = gnu17;
				GCC_NO_COMMON_BLOCKS = YES;
				GCC_WARN_64_TO_32_BIT_CONVERSION = YES;
				GCC_WARN_ABOUT_RETURN_TYPE = YES_ERROR;
				GCC_WARN_UNDECLARED_SELECTOR = YES;
				GCC_WARN_UNINITIALIZED_AUTOS = YES_AGGRESSIVE;
				GCC_WARN_UNUSED_FUNCTION = YES;
				GCC_WARN_UNUSED_VARIABLE = YES;
				IPHONEOS_DEPLOYMENT_TARGET = 18.5;
				LOCALIZATION_PREFERS_STRING_CATALOGS = YES;
				MTL_ENABLE_DEBUG_INFO = NO;
				MTL_FAST_MATH = YES;
				OTHER_LDFLAGS = "-ObjC";
				SDKROOT = iphoneos;
				SWIFT_COMPILATION_MODE = wholemodule;
				VALIDATE_PRODUCT = YES;
			};
			name = Release;
		};
		AC4C037E2E10A83E00E4BD08 /* Debug */ = {
			isa = XCBuildConfiguration;
			buildSettings = {
				ASSETCATALOG_COMPILER_APPICON_NAME = AppIcon;
				ASSETCATALOG_COMPILER_GLOBAL_ACCENT_COLOR_NAME = AccentColor;
				CLANG_ENABLE_MODULES = YES;
				CODE_SIGN_STYLE = Automatic;
				CURRENT_PROJECT_VERSION = 1;
				DEVELOPMENT_TEAM = 9A52QL8YCB;
				ENABLE_PREVIEWS = YES;
				GENERATE_INFOPLIST_FILE = YES;
				INFOPLIST_KEY_UIApplicationSceneManifest_Generation = YES;
				INFOPLIST_KEY_UIApplicationSupportsIndirectInputEvents = YES;
				INFOPLIST_KEY_UILaunchScreen_Generation = YES;
				INFOPLIST_KEY_UISupportedInterfaceOrientations_iPad = "UIInterfaceOrientationPortrait UIInterfaceOrientationPortraitUpsideDown UIInterfaceOrientationLandscapeLeft UIInterfaceOrientationLandscapeRight";
				INFOPLIST_KEY_UISupportedInterfaceOrientations_iPhone = "UIInterfaceOrientationPortrait UIInterfaceOrientationLandscapeLeft UIInterfaceOrientationLandscapeRight";
				IPHONEOS_DEPLOYMENT_TARGET = 18.4;
				LD_RUNPATH_SEARCH_PATHS = (
					"$(inherited)",
					"@executable_path/Frameworks",
				);
				MARKETING_VERSION = 1.0;
				PRODUCT_BUNDLE_IDENTIFIER = com.noahflood.FavoritesCloud;
				PRODUCT_NAME = "$(TARGET_NAME)";
				SWIFT_EMIT_LOC_STRINGS = YES;
				SWIFT_OPTIMIZATION_LEVEL = "-Onone";
				SWIFT_VERSION = 5.0;
				TARGETED_DEVICE_FAMILY = "1,2";
			};
			name = Debug;
		};
		AC4C037F2E10A83E00E4BD08 /* Release */ = {
			isa = XCBuildConfiguration;
			buildSettings = {
				ASSETCATALOG_COMPILER_APPICON_NAME = AppIcon;
				ASSETCATALOG_COMPILER_GLOBAL_ACCENT_COLOR_NAME = AccentColor;
				CLANG_ENABLE_MODULES = YES;
				CODE_SIGN_STYLE = Automatic;
				CURRENT_PROJECT_VERSION = 1;
				DEVELOPMENT_TEAM = 9A52QL8YCB;
				ENABLE_PREVIEWS = YES;
				GENERATE_INFOPLIST_FILE = YES;
				INFOPLIST_KEY_UIApplicationSceneManifest_Generation = YES;
				INFOPLIST_KEY_UIApplicationSupportsIndirectInputEvents = YES;
				INFOPLIST_KEY_UILaunchScreen_Generation = YES;
				INFOPLIST_KEY_UISupportedInterfaceOrientations_iPad = "UIInterfaceOrientationPortrait UIInterfaceOrientationPortraitUpsideDown UIInterfaceOrientationLandscapeLeft UIInterfaceOrientationLandscapeRight";
				INFOPLIST_KEY_UISupportedInterfaceOrientations_iPhone = "UIInterfaceOrientationPortrait UIInterfaceOrientationLandscapeLeft UIInterfaceOrientationLandscapeRight";
				IPHONEOS_DEPLOYMENT_TARGET = 18.4;
				LD_RUNPATH_SEARCH_PATHS = (
					"$(inherited)",
					"@executable_path/Frameworks",
				);
				MARKETING_VERSION = 1.0;
				PRODUCT_BUNDLE_IDENTIFIER = com.noahflood.FavoritesCloud;
				PRODUCT_NAME = "$(TARGET_NAME)";
				SWIFT_EMIT_LOC_STRINGS = YES;
				SWIFT_VERSION = 5.0;
				TARGETED_DEVICE_FAMILY = "1,2";
			};
			name = Release;
		};
/* End XCBuildConfiguration section */

/* Begin XCConfigurationList section */
		AC4C036D2E10A83D00E4BD08 /* Build configuration list for PBXProject "FavoritesCloud" */ = {
			isa = XCConfigurationList;
			buildConfigurations = (
				AC4C037B2E10A83E00E4BD08 /* Debug */,
				AC4C037C2E10A83E00E4BD08 /* Release */,
			);
			defaultConfigurationIsVisible = 0;
			defaultConfigurationName = Release;
		};
		AC4C037D2E10A83E00E4BD08 /* Build configuration list for PBXNativeTarget "FavoritesCloud" */ = {
			isa = XCConfigurationList;
			buildConfigurations = (
				AC4C037E2E10A83E00E4BD08 /* Debug */,
				AC4C037F2E10A83E00E4BD08 /* Release */,
			);
			defaultConfigurationIsVisible = 0;
			defaultConfigurationName = Release;
		};
/* End XCConfigurationList section */

/* Begin XCRemoteSwiftPackageReference section */
		F9B3C24F2E3A872900A1F381 /* XCRemoteSwiftPackageReference "firebase-ios-sdk" */ = {
			isa = XCRemoteSwiftPackageReference;
			repositoryURL = "https://github.com/firebase/firebase-ios-sdk";
			requirement = {
				kind = upToNextMajorVersion;
				minimumVersion = 12.0.0;
			};
		};
		F9B3C2582E3A87FA00A1F381 /* XCRemoteSwiftPackageReference "GoogleSignIn-iOS" */ = {
			isa = XCRemoteSwiftPackageReference;
			repositoryURL = "https://github.com/google/GoogleSignIn-iOS.git";
			requirement = {
				kind = upToNextMajorVersion;
				minimumVersion = 9.0.0;
			};
		};
/* End XCRemoteSwiftPackageReference section */

/* Begin XCSwiftPackageProductDependency section */
		F9B3C2502E3A872900A1F381 /* FirebaseAuth */ = {
			isa = XCSwiftPackageProductDependency;
			package = F9B3C24F2E3A872900A1F381 /* XCRemoteSwiftPackageReference "firebase-ios-sdk" */;
			productName = FirebaseAuth;
		};
		F9B3C2522E3A872900A1F381 /* FirebaseDatabase */ = {
			isa = XCSwiftPackageProductDependency;
			package = F9B3C24F2E3A872900A1F381 /* XCRemoteSwiftPackageReference "firebase-ios-sdk" */;
			productName = FirebaseDatabase;
		};
		F9B3C2542E3A872900A1F381 /* FirebaseFirestore */ = {
			isa = XCSwiftPackageProductDependency;
			package = F9B3C24F2E3A872900A1F381 /* XCRemoteSwiftPackageReference "firebase-ios-sdk" */;
			productName = FirebaseFirestore;
		};
		F9B3C2562E3A872900A1F381 /* FirebaseFirestoreCombine-Community */ = {
			isa = XCSwiftPackageProductDependency;
			package = F9B3C24F2E3A872900A1F381 /* XCRemoteSwiftPackageReference "firebase-ios-sdk" */;
			productName = "FirebaseFirestoreCombine-Community";
		};
		F9B3C2592E3A87FA00A1F381 /* GoogleSignIn */ = {
			isa = XCSwiftPackageProductDependency;
			package = F9B3C2582E3A87FA00A1F381 /* XCRemoteSwiftPackageReference "GoogleSignIn-iOS" */;
			productName = GoogleSignIn;
		};
		F9B3C25B2E3A87FA00A1F381 /* GoogleSignInSwift */ = {
			isa = XCSwiftPackageProductDependency;
			package = F9B3C2582E3A87FA00A1F381 /* XCRemoteSwiftPackageReference "GoogleSignIn-iOS" */;
			productName = GoogleSignInSwift;
		};
/* End XCSwiftPackageProductDependency section */
	};
	rootObject = AC4C036A2E10A83D00E4BD08 /* Project object */;
}
